
Microsoft Visual Studio Solution File, Format Version 12.00
# Visual Studio 14
VisualStudioVersion = 14.0.25420.1
MinimumVisualStudioVersion = 10.0.40219.1
Project("{8BC9CEB8-8B4A-11D0-8D11-00A0C91BC942}") = "BaekJoon_2750", "BaekJoon_2750\BaekJoon_2750.vcxproj", "{BC293B6B-D2D2-425A-9E5C-1E59A4AEE63D}"
EndProject
Global
	GlobalSection(SolutionConfigurationPlatforms) = preSolution
		Debug|x64 = Debug|x64
		Debug|x86 = Debug|x86
		Release|x64 = Release|x64
		Release|x86 = Release|x86
	EndGlobalSection
	GlobalSection(ProjectConfigurationPlatforms) = postSolution
		{BC293B6B-D2D2-425A-9E5C-1E59A4AEE63D}.Debug|x64.ActiveCfg = Debug|x64
		{BC293B6B-D2D2-425A-9E5C-1E59A4AEE63D}.Debug|x64.Build.0 = Debug|x64
		{BC293B6B-D2D2-425A-9E5C-1E59A4AEE63D}.Debug|x86.ActiveCfg = Debug|Win32
		{BC293B6B-D2D2-425A-9E5C-1E59A4AEE63D}.Debug|x86.Build.0 = Debug|Win32
		{BC293B6B-D2D2-425A-9E5C-1E59A4AEE63D}.Release|x64.ActiveCfg = Release|x64
		{BC293B6B-D2D2-425A-9E5C-1E59A4AEE63D}.Release|x64.Build.0 = Release|x64
		{BC293B6B-D2D2-425A-9E5C-1E59A4AEE63D}.Release|x86.ActiveCfg = Release|Win32
		{BC293B6B-D2D2-425A-9E5C-1E59A4AEE63D}.Release|x86.Build.0 = Release|Win32
	EndGlobalSection
	GlobalSection(SolutionProperties) = preSolution
		HideSolutionNode = FALSE
	EndGlobalSection
EndGlobal
